lockfileVersion: '9.0'

settings:
  autoInstallPeers: true
  excludeLinksFromLockfile: false

importers:

  .:
    dependencies:
      '@zazuko/env-node':
        specifier: ^2.1.3
        version: 2.1.3(@rdfjs/types@1.1.0)(@types/clownface@2.0.8)(@types/rdf-dataset-ext@1.0.8)(@types/rdfjs__data-model@2.0.8)(@types/rdfjs__dataset@2.0.7)(@types/rdfjs__environment@1.0.0)(@types/rdfjs__fetch-lite@3.0.10)(@types/rdfjs__formats@4.0.1)(@types/rdfjs__namespace@2.0.10)(@types/rdfjs__term-map@2.0.10)(@types/rdfjs__term-set@2.0.9)(@types/rdfjs__traverser@0.1.5)(web-streams-polyfill@3.3.3)
      ajv:
        specifier: ^8.17.1
        version: 8.17.1
      cli-color:
        specifier: ^2.0.4
        version: 2.0.4
      globals:
        specifier: ^15.9.0
        version: 15.9.0
      rdf-validate-shacl:
        specifier: ^0.5.5
        version: 0.5.5(@rdfjs/types@1.1.0)

packages:

  '@bergos/jsonparse@1.4.1':
    resolution: {integrity: sha512-vXIT0nzZGX/+yMD5bx2VhTzc92H55tPoehh1BW/FZHOndWGFddrH3MAfdx39FRc7irABirW6EQaGxIJYV6CGuA==}
    engines: {'0': node >= 0.2.0}

  '@digitalbazaar/http-client@3.4.1':
    resolution: {integrity: sha512-Ahk1N+s7urkgj7WvvUND5f8GiWEPfUw0D41hdElaqLgu8wZScI8gdI0q+qWw5N1d35x7GCRH2uk9mi+Uzo9M3g==}
    engines: {node: '>=14.0'}

  '@fastify/busboy@2.1.1':
    resolution: {integrity: sha512-vBZP4NlzfOlerQTnba4aqZoMhE/a9HY7HRqoOPaETQcSQuWEIyZMHGfVu6w9wGtGK5fED5qRs2DteVCjOH60sA==}
    engines: {node: '>=14'}

  '@rdfjs/data-model@2.0.2':
    resolution: {integrity: sha512-v5LRNkLRJazMCGU7VtEzhz5wKwz/IrOdJEKapCtd35HuFbQfeGpoJP6QOXGyFHhWwKmtG+UMlZzYFyNDVE1m6g==}
    hasBin: true

  '@rdfjs/dataset@2.0.2':
    resolution: {integrity: sha512-6YJx+5n5Uxzq9dd9I0GGcIo6eopZOPfcsAfxSGX5d+YBzDgVa1cbtEBFnaPyPKiQsOm4+Cr3nwypjpg02YKPlA==}
    hasBin: true

  '@rdfjs/environment@1.0.0':
    resolution: {integrity: sha512-+S5YjSvfoQR5r7YQCRCCVHvIEyrWia7FJv2gqM3s5EDfotoAQmFeBagApa9c/eQFi5EiNhmBECE5nB8LIxTaHg==}

  '@rdfjs/fetch-lite@3.2.3':
    resolution: {integrity: sha512-CZfUsBekFIDYCoXBW59ehgYctIluqatWB0YqCJoA8scENuo5IHPXdPMiLt1YVqUnxQ4STwEBOUoIiaCVxwfOFg==}

  '@rdfjs/formats@4.0.0':
    resolution: {integrity: sha512-9e0DX+iWi8d958Px6Ggb1otl/EhfyvlfWcop+lS0aZlsGV2YK9Phl5lzCUYTfTefSyyQk8tJd5XN52hhDLb5Wg==}

  '@rdfjs/namespace@2.0.1':
    resolution: {integrity: sha512-U85NWVGnL3gWvOZ4eXwUcv3/bom7PAcutSBQqmVWvOaslPy+kDzAJCH1WYBLpdQd4yMmJ+bpJcDl9rcHtXeixg==}

  '@rdfjs/parser-jsonld@2.1.1':
    resolution: {integrity: sha512-bddq04r/p7booWk+5IqcTlWpDljy8Sv1cdFynpzawNruZTD99n3eSj7LCHPBUzqnpXc1Dnt8tgXiqB02WSYtiw==}

  '@rdfjs/parser-n3@2.0.2':
    resolution: {integrity: sha512-rrrvyh+kkj9ndwep2h6nYmugIfggDOC9uGpmDAHn/I/z52K7dHxi7xOkPPrezTsIbgNvFhV3zS7mzyObRxcLWA==}

  '@rdfjs/prefix-map@0.1.2':
    resolution: {integrity: sha512-qapFYVPYyYepg0sFy7T512667iZsN9a3RNcyNBTBV+O8wrU3v/URQZOipCTNrEm1BXzZ7KCK1Yi8HrE1y+uRuQ==}

  '@rdfjs/serializer-jsonld-ext@4.0.0':
    resolution: {integrity: sha512-HP5DCmhyfVuQuk58AO5vzNY+dIFVHe2oHY8NX2K+3XmrTmu/yzrFzPbDeU9Cwr71XC4RifEMoksIg+8jnhxmfQ==}

  '@rdfjs/serializer-jsonld@2.0.1':
    resolution: {integrity: sha512-O8WzdY7THsse/nMsrMLd2e51ADHO2SIUrkiZ9Va/8W3lXeeeiwDRPMppWy/i9yL4q6EM8iMW1riV7E0mK3fsBQ==}

  '@rdfjs/serializer-ntriples@2.0.1':
    resolution: {integrity: sha512-G1ZI0qaN/MUHxeCwr59JscO2LdyIb6MNQdXOv7NFBZuodyHsxxhJRFmMVn+3SEXeNJbVeEEbWBrLglCUgJ8XjQ==}

  '@rdfjs/serializer-turtle@1.1.3':
    resolution: {integrity: sha512-xpN3FApu8Q1M1pDp8V+P/zNYdk6QUvtp2C6rkpiOdH84/8SsREx6PGPz/mVJJGehxZwy9TUb7xGZ0LWHHBLNEw==}

  '@rdfjs/sink-map@2.0.1':
    resolution: {integrity: sha512-BwCTTsMN/tfQl6QzD2oHn9A08e4af+hlzAz/d5XXrlOkYMEDUAqFuh2Odj9EbayhAEeN4wA743Mj2yC0/s69rg==}

  '@rdfjs/sink@2.0.1':
    resolution: {integrity: sha512-smzIFGF6EH1sLAJR9F3p2wMNrN44JjPeYAoITTJLqtuNC319K7IXaJ+qNLBGTtapZ/jvpx2Tks0TjcH9KrAvEA==}

  '@rdfjs/term-map@2.0.2':
    resolution: {integrity: sha512-EJ2FmmdEUsSR/tU1nrizRLWzH24YzhuvesrbUWxC3Fs0ilYNdtTbg0RaFJDUnJF3HkbNBQe8Zrt/uvU/hcKnHg==}

  '@rdfjs/term-set@2.0.3':
    resolution: {integrity: sha512-DyXrKWEx+mtAFUZVU7bc3Va6/KZ8PsIp0RVdyWT9jfDgI/HCvNisZaBtAcm+SYTC45o+7WLkbudkk1bfaKVB0A==}

  '@rdfjs/to-ntriples@3.0.1':
    resolution: {integrity: sha512-gjoPAvh4j7AbGMjcDn/8R4cW+d/FPtbfbMM0uQXkyfBFtNUW2iVgrqsgJ65roLc54Y9A2TTFaeeTGSvY9a0HCQ==}

  '@rdfjs/traverser@0.1.4':
    resolution: {integrity: sha512-53QYlxiQIxH8k4jutjet1EjdZfyKCDSsfqnj2YejAJ1X8mLDMSOsneMM5savBwBR0ROfAhKVtZVb+pego+JLiw==}

  '@rdfjs/tree@0.2.1':
    resolution: {integrity: sha512-J70CQ7R8Ivfs1FFUxtFN7ADb5wTMgbhn0O558NXSXQHItmSavT6cXmQlIokbmboU+grhu56iR/8Bl9do8LCq+w==}

  '@rdfjs/types@1.1.0':
    resolution: {integrity: sha512-5zm8bN2/CC634dTcn/0AhTRLaQRjXDZs3QfcAsQKNturHT7XVWcKy/8p3P5gXl+YkZTAmy7T5M/LyiT/jbkENw==}

  '@rubensworks/saxes@6.0.1':
    resolution: {integrity: sha512-UW4OTIsOtJ5KSXo2Tchi4lhZqu+tlHrOAs4nNti7CrtB53kAZl3/hyrTi6HkMihxdbDM6m2Zc3swc/ZewEe1xw==}
    engines: {node: '>=v12.22.12'}

  '@sec-ant/readable-stream@0.4.1':
    resolution: {integrity: sha512-831qok9r2t8AlxLko40y2ebgSDhenenCatLVeW/uBtnHPyhHOvG0C7TvfgecV+wHzIm5KUICgzmVpWS+IMEAeg==}

  '@tpluscode/rdf-ns-builders@4.3.0':
    resolution: {integrity: sha512-x3uh9mYwAU+PrALaDKhVjml1TCCWWduo6J8rybd9SMEEAoooXq1MYb13MRputjRT/kYaFyCND7LMobzhxZ/+bg==}

  '@types/clownface@2.0.8':
    resolution: {integrity: sha512-vomfitsRIuvw9zp/Xph8/AHPRBQ+7Ji/OnQUC3TOem+KzG/z2rCeEjpZH23wP7t0gjXZHPiZU1syFkf/oP3v8w==}

  '@types/http-link-header@1.0.7':
    resolution: {integrity: sha512-snm5oLckop0K3cTDAiBnZDy6ncx9DJ3mCRDvs42C884MbVYPP74Tiq2hFsSDRTyjK6RyDYDIulPiW23ge+g5Lw==}

  '@types/jsonld@1.5.15':
    resolution: {integrity: sha512-PlAFPZjL+AuGYmwlqwKEL0IMP8M8RexH0NIPGfCVWSQ041H2rR/8OlyZSD7KsCVoN8vCfWdtWDBxX8yBVP+xow==}

  '@types/node@18.19.39':
    resolution: {integrity: sha512-nPwTRDKUctxw3di5b4TfT3I0sWDiWoPQCZjXhvdkINntwr8lcoVCKsTgnXeRubKIlfnV+eN/HYk6Jb40tbcEAQ==}

  '@types/node@20.14.10':
    resolution: {integrity: sha512-MdiXf+nDuMvY0gJKxyfZ7/6UFsETO7mGKF54MVD/ekJS6HdFtpZFBgrh6Pseu64XTb2MLyFPlbW6hj8HYRQNOQ==}

  '@types/rdf-dataset-ext@1.0.8':
    resolution: {integrity: sha512-ngMGOzAm+yvrfTzFhlmPNa9lfWO72IkdqYRR+HNIPX3x+RPLf6qRpAi8GAZCg0rkpGt2JJqDQF3FgVxE6ykr/w==}

  '@types/rdfjs__data-model@2.0.8':
    resolution: {integrity: sha512-7OVjhmA8QPEdRReHFieKuqn2mbYx3ndEIEmh/6FkeJC8QCMJGVeSuRKEUVXbZGwP0rDKZuhQGozaRv3O1z1gPQ==}

  '@types/rdfjs__dataset@2.0.7':
    resolution: {integrity: sha512-+GaYIL9C7N1N0HyH+obU4IXuL7DX+fXuf827aUQ2Vx2UghO47+OTxo2v3seEQj/1YHoHBfQFk5Y4P6Q7Ht4Hqw==}

  '@types/rdfjs__environment@1.0.0':
    resolution: {integrity: sha512-MDcnv3qfJvbHoEpUQXj5muT8g3e+xz1D8sGevrq3+Q4TzeEvQf5ijGX5l8485XFYrN/OBApgzXkHMZC04/kd5w==}

  '@types/rdfjs__fetch-lite@3.0.10':
    resolution: {integrity: sha512-5EokVEj3eJGBknxM3pFV8y6w/ZVMAqZkmHKFLz6zgLxonCmC/bHHXeCTZGE1+5Heji/4vc84vinZMaQ1+n7t6Q==}

  '@types/rdfjs__formats@4.0.1':
    resolution: {integrity: sha512-Zj7hQEn5HeCj+pJCWshY2gqBcdBdwyc2j20Ht3PH91pkdRuG2AlGDD3N9PQ1oZ3+J6Q96rAlhxUbjQUp9+s3FQ==}

  '@types/rdfjs__namespace@2.0.10':
    resolution: {integrity: sha512-xoVzEIOxcpyteEmzaj94MSBbrBFs+vqv05joMhzLEiPRwsBBDnhkdBCaaDxR1Tf7wOW0kB2R1IYe4C3vEBFPgA==}

  '@types/rdfjs__parser-jsonld@2.1.7':
    resolution: {integrity: sha512-n35K+c1Y95580N202Jxly6xjFE953FF+Y2mwxok6zLfMo4rgIfgMBElnNwpja0IeYXTuzGm1tEz7va3lItGrTg==}

  '@types/rdfjs__parser-n3@2.0.6':
    resolution: {integrity: sha512-VHfdq7BDV6iMCtHkzTFSOuUWnqGlMUmEF0UZyK4+g9SzLWvc6TMcU5TYwQPQIz/e0s7dZ+xomxx6mVtIzsRQ/A==}

  '@types/rdfjs__prefix-map@0.1.5':
    resolution: {integrity: sha512-RAwyS/2dT9X79QwM0F8KLweTfuBoe6xtiAlU7wKPB+/t/sfk6A50LYtAWaDVP5qBjcu50UkKkZT+VR47CiLkfg==}

  '@types/rdfjs__serializer-jsonld-ext@4.0.1':
    resolution: {integrity: sha512-jgbQ/1kV7nESKG7SY8FJED6K4OFznr6Sz3ybF1ncpBR7TUBTuy3InpZOVRK4Wjpy2zi84iIAzJ1CIIo9NZh2Xw==}

  '@types/rdfjs__serializer-jsonld@2.0.5':
    resolution: {integrity: sha512-ubdLD9QgZzAt+65NSPzh2qWCPWcGYlHEWgkP6uRwfm7JC48Xh/QjzwOTG13MTomOkQqcN4R7PIG0j3Ca8iyNWQ==}

  '@types/rdfjs__serializer-ntriples@2.0.6':
    resolution: {integrity: sha512-Nn3e3eyuymLvbI5MFzI7ODD/X6ZGpbB9fLaWOB00RtFHd2vttk3wQL2fzzsZZQPJ/ihC/xlFE4cNQkO6SoHa7w==}

  '@types/rdfjs__serializer-turtle@1.1.0':
    resolution: {integrity: sha512-NGHnbz5985UwS/YS6WL/FkS94B+QiVTdsfvJCqPwLmY3E7UeClw91c2KbiphZUR/uh7uwLwxeKKhV2T1gYgT5Q==}

  '@types/rdfjs__sink-map@2.0.5':
    resolution: {integrity: sha512-ycUBlOMbp9YpjrBrMwGv3uiqulOWgodess06cinYLxomOTc2ET9rEQklgM5rJqnu5WMsVP8SFG3fFw36/5hADQ==}

  '@types/rdfjs__term-map@2.0.10':
    resolution: {integrity: sha512-YlpYkya+Xq9fmcw+BMi1SCh+w2sBu7G0/qd2+ZhB4QIK3V1xq2o3EOAZnlahyQdwrW9t5+Ihw8IVVvZsJvDOTA==}

  '@types/rdfjs__term-set@2.0.9':
    resolution: {integrity: sha512-RRXs5DwFGanZyT705f7KLSiN68gUVUtGWTp508CXJhLfD7AWmilqc1BLgLUoac48h3pnh9w5lRhwFm6fj1ZE5Q==}

  '@types/rdfjs__traverser@0.1.5':
    resolution: {integrity: sha512-tTpiM6lAddw+bGRDjhzwdpo1EQK73m8gYgMVNfO4OsevnuLZvQJeCJBckpuDC4H5HVAEwCapI0UlH9dVnZ9u5g==}

  '@types/readable-stream@2.3.15':
    resolution: {integrity: sha512-oM5JSKQCcICF1wvGgmecmHldZ48OZamtMxcGGVICOJA8o8cahXC1zEVAif8iwoc5j8etxFaRFnf095+CDsuoFQ==}

  '@types/readable-stream@4.0.15':
    resolution: {integrity: sha512-oAZ3kw+kJFkEqyh7xORZOku1YAKvsFTogRY8kVl4vHpEKiDkfnSA/My8haRE7fvmix5Zyy+1pwzOi7yycGLBJw==}

  '@vocabulary/sh@1.1.5':
    resolution: {integrity: sha512-8R4uxHLpwmp6l6szZdCtfQx0wRy64OHuOsYTDfhCsbJ773Uv6nCM2bYBtjjirZHN+2m3uHQWgtWOdvuu1jwmOA==}
    peerDependencies:
      '@rdfjs/types': ^1.0.0

  '@zazuko/env-core@1.1.2':
    resolution: {integrity: sha512-mnLG40utuT7jPBPLs6fJ0puhfagnXSj+S8t9+zUGs3YlrOq/7b2zr64Hi3p3etwDdApaQ0VgQuNIY9doaruS1Q==}
    peerDependencies:
      '@types/rdfjs__environment': ^1.0.0

  '@zazuko/env-node@2.1.3':
    resolution: {integrity: sha512-vaYbkMe0DsvpWEWBQpWPJ0mEYiFhwDGw8Caso1MmASUbHY/gH2tAA6BDv4LsCK/BrU4gWftUWz6uEsRP3FmdHA==}
    peerDependencies:
      '@types/rdfjs__fetch-lite': ^3.0.6

  '@zazuko/env@2.2.1':
    resolution: {integrity: sha512-GqM/461f50Px1a8Sx3tfViZkACY9gZGe3iOizF9pIeRd7Ilx+xH+VNk9rmMlKPnk600m1LixrxGuirT28zQxVQ==}
    peerDependencies:
      '@rdfjs/types': ^1.1.0
      '@types/clownface': ^2.0.0
      '@types/rdf-dataset-ext': ^1
      '@types/rdfjs__data-model': ^2.0.7
      '@types/rdfjs__dataset': ^2.0.7
      '@types/rdfjs__environment': ^1.0.0
      '@types/rdfjs__formats': ^4.0.0
      '@types/rdfjs__namespace': ^2.0.10
      '@types/rdfjs__term-map': ^2.0.9
      '@types/rdfjs__term-set': ^2.0.8
      '@types/rdfjs__traverser': ^0.1.3

  '@zazuko/prefixes@2.2.0':
    resolution: {integrity: sha512-mmRS+urGVMcAP5edzFq0V+B2PbbpEklP7BZGVF0+82ClczTwgpIL1tZy2mRfudwRYoAe+WkyWXDnlArPpdzLIg==}

  '@zazuko/rdf-utils-fs@3.3.1':
    resolution: {integrity: sha512-4HjTbJUwiCFanMMcaaZkLIkWUdVjXSQstAyxnfzsUOmh8Q43iVBL+mYAl17zoi47III0POL6hitRsN1JJ5tUFg==}
    peerDependencies:
      '@rdfjs/types': '*'
      '@types/rdfjs__environment': 0 - 1
      '@types/rdfjs__formats': ^4

  abort-controller@3.0.0:
    resolution: {integrity: sha512-h8lQ8tacZYnR3vNQTgibj+tODHI5/+l06Au2Pcriv/Gmet0eaj4TwWH41sO9wnHDiQsEj19q0drzdWdeAHtweg==}
    engines: {node: '>=6.5'}

  ajv@8.17.1:
    resolution: {integrity: sha512-B/gBuNg5SiMTrPkC+A2+cW0RszwxYmn6VYxB/inlBStS5nx6xHIt/ehKRhIMhqusl7a8LjQoZnjCs5vhwxOQ1g==}

  base64-js@1.5.1:
    resolution: {integrity: sha512-AKpaYlHn8t4SVbOHCy+b5+KKgvR4vrsD8vbvrbiQJps7fKDTkjkDry6ji0rUJjC0kzbNePLwzxq8iypo41qeWA==}

  buffer@6.0.3:
    resolution: {integrity: sha512-FTiCpNxtwiZZHEZbcbTIcZjERVICn9yq/pDFkTl95/AxzD1naBctN7YO68riM/gLSDY7sdrMby8hofADYuuqOA==}

  canonicalize@1.0.8:
    resolution: {integrity: sha512-0CNTVCLZggSh7bc5VkX5WWPWO+cyZbNd07IHIsSXLia/eAq+r836hgk+8BKoEh7949Mda87VUOitx5OddVj64A==}

  cli-color@2.0.4:
    resolution: {integrity: sha512-zlnpg0jNcibNrO7GG9IeHH7maWFeCz+Ja1wx/7tZNU5ASSSSZ+/qZciM0/LHCYxSdqv5h2sdbQ/PXYdOuetXvA==}
    engines: {node: '>=0.10'}

  clownface@2.0.2:
    resolution: {integrity: sha512-HjTYqVXiCrw4FmoAWF46aQ3c2OmdVLoqZrAGkowdWWUoBBIcBht55pOxkyvoVe2BsPE/HqMzfnu51JpgqM4KEg==}

  cross-fetch@3.1.8:
    resolution: {integrity: sha512-cvA+JwZoU0Xq+h6WkMvAUqPEYy92Obet6UdKLfW60qn99ftItKjB5T+BkyWOFWe2pUyfQ+IJHmpOTznqk1M6Kg==}

  d@1.0.2:
    resolution: {integrity: sha512-MOqHvMWF9/9MX6nza0KgvFH4HpMU0EF5uUDXqX/BtxtU8NfB0QzRtJ8Oe/6SuS4kbhyzVJwjd97EA4PKrzJ8bw==}
    engines: {node: '>=0.12'}

  data-uri-to-buffer@4.0.1:
    resolution: {integrity: sha512-0R9ikRb668HB7QDxT1vkpuUBtqc53YyAwMwGeUFKRojY/NWKvdZ+9UYtRfGmhqNbRkTSVpMbmyhXipFFv2cb/A==}
    engines: {node: '>= 12'}

  debug@4.3.5:
    resolution: {integrity: sha512-pt0bNEmneDIvdL1Xsd9oDQ/wrQRkXDT4AUWlNZNPKvW5x/jyO9VFXkJUP07vQ2upmw5PlaITaPKc31jK13V+jg==}
    engines: {node: '>=6.0'}
    peerDependencies:
      supports-color: '*'
    peerDependenciesMeta:
      supports-color:
        optional: true

  duplex-to@2.0.0:
    resolution: {integrity: sha512-f2nMnk11mwDptEFBTv2mcWHpF4ENAbuQ63yTiSy/99rG4Exsxsf0GJhJYq/AHF2cdMYswSx23LPuoijBflpquQ==}

  es5-ext@0.10.64:
    resolution: {integrity: sha512-p2snDhiLaXe6dahss1LddxqEm+SkuDvV8dnIQG0MWjyHpcMNfXKPE+/Cc0y+PhxJX3A4xGNeFCj5oc0BUh6deg==}
    engines: {node: '>=0.10'}

  es6-iterator@2.0.3:
    resolution: {integrity: sha512-zw4SRzoUkd+cl+ZoE15A9o1oQd920Bb0iOJMQkQhl3jNc03YqVjAhG7scf9C5KWRU/R13Orf588uCC6525o02g==}

  es6-symbol@3.1.4:
    resolution: {integrity: sha512-U9bFFjX8tFiATgtkJ1zg25+KviIXpgRvRHS8sau3GfhVzThRQrOeksPeT0BWW2MNZs1OEWJ1DPXOQMn0KKRkvg==}
    engines: {node: '>=0.12'}

  es6-weak-map@2.0.3:
    resolution: {integrity: sha512-p5um32HOTO1kP+w7PRnB+5lQ43Z6muuMuIMffvDN8ZB4GcnjLBV6zGStpbASIMk4DCAvEaamhe2zhyCb/QXXsA==}

  esniff@2.0.1:
    resolution: {integrity: sha512-kTUIGKQ/mDPFoJ0oVfcmyJn4iBDRptjNVIzwIFR7tqWXdVI9xfA2RMwY/gbSpJG3lkdWNEjLap/NqVHZiJsdfg==}
    engines: {node: '>=0.10'}

  event-emitter@0.3.5:
    resolution: {integrity: sha512-D9rRn9y7kLPnJ+hMq7S/nhvoKwwvVJahBi2BPmx3bvbsEdK3W9ii8cBSGjP+72/LnM4n6fo3+dkCX5FeTQruXA==}

  event-target-shim@5.0.1:
    resolution: {integrity: sha512-i/2XbnSz/uxRCU6+NdVJgKWDTM427+MqYbkQzD321DuCQJUqOuJKIA0IM2+W2xtYHdKOmZ4dR6fExsd4SXL+WQ==}
    engines: {node: '>=6'}

  events@3.3.0:
    resolution: {integrity: sha512-mQw+2fkQbALzQ7V0MY0IqdnXNOeTtP4r0lN9z7AAawCXgqea7bDii20AYrIBrFd/Hx0M2Ocz6S111CaFkUcb0Q==}
    engines: {node: '>=0.8.x'}

  ext@1.7.0:
    resolution: {integrity: sha512-6hxeJYaL110a9b5TEJSj0gojyHQAmA2ch5Os+ySCiA1QGdS697XWY1pzsrSjqA9LDEEgdB/KypIlR59RcLuHYw==}

  fast-deep-equal@3.1.3:
    resolution: {integrity: sha512-f3qQ9oQy9j2AhBe/H9VC91wLmKBCCU/gDOnKNAYG5hswO7BLKj09Hc5HYNz9cGI++xlpDCIgDaitVs03ATR84Q==}

  fast-uri@3.0.1:
    resolution: {integrity: sha512-MWipKbbYiYI0UC7cl8m/i/IWTqfC8YXsqjzybjddLsFjStroQzsHXkc73JutMvBiXmOvapk+axIl79ig5t55Bw==}

  fetch-blob@3.2.0:
    resolution: {integrity: sha512-7yAQpD2UMJzLi1Dqv7qFYnPbaPx7ZfFK6PiIxQ4PfkGPyNyl2Ugx+a/umUonmKqjhM4DnfbMvdX6otXq83soQQ==}
    engines: {node: ^12.20 || >= 14.13}

  formdata-polyfill@4.0.10:
    resolution: {integrity: sha512-buewHzMvYL29jdeQTVILecSaZKnt/RJWjoZCF5OW60Z67/GmSLBkOFM7qh1PI3zFNtJbaZL5eQu1vLfazOwj4g==}
    engines: {node: '>=12.20.0'}

  get-stream@9.0.1:
    resolution: {integrity: sha512-kVCxPF3vQM/N0B1PmoqVUqgHP+EeVjmZSQn+1oCRPxd2P21P2F19lIgbR3HBosbB1PUhOAoctJnfEn2GbN2eZA==}
    engines: {node: '>=18'}

  globals@15.9.0:
    resolution: {integrity: sha512-SmSKyLLKFbSr6rptvP8izbyxJL4ILwqO9Jg23UA0sDlGlu58V59D1//I3vlc0KJphVdUR7vMjHIplYnzBxorQA==}
    engines: {node: '>=18'}

  http-link-header@1.1.3:
    resolution: {integrity: sha512-3cZ0SRL8fb9MUlU3mKM61FcQvPfXx2dBrZW3Vbg5CXa8jFlK8OaEpePenLe1oEXQduhz8b0QjsqfS59QP4AJDQ==}
    engines: {node: '>=6.0.0'}

  ieee754@1.2.1:
    resolution: {integrity: sha512-dcyqhDvX1C46lXZcVqCpK+FtMRQVdIMN6/Df5js2zouUsqG7I6sFxitIC+7KYK29KdXOLHdu9zL4sFnoVQnqaA==}

  is-promise@2.2.2:
    resolution: {integrity: sha512-+lP4/6lKUBfQjZ2pdxThZvLUAafmZb8OAxFb8XXtiQmS35INgr85hdOGoEs124ez1FCnZJt6jau/T+alh58QFQ==}

  is-stream@4.0.1:
    resolution: {integrity: sha512-Dnz92NInDqYckGEUJv689RbRiTSEHCQ7wOVeALbkOz999YpqT46yMRIGtSNl2iCL1waAZSx40+h59NV/EwzV/A==}
    engines: {node: '>=18'}

  json-schema-traverse@1.0.0:
    resolution: {integrity: sha512-NM8/P9n3XjXhIZn1lLhkFaACTOURQXjWhV4BA/RnOv8xvgqtqpAX9IO4mRQxSx1Rlo4tqzeqb0sOlruaOy3dug==}

  jsonld-context-parser@2.4.0:
    resolution: {integrity: sha512-ZYOfvh525SdPd9ReYY58dxB3E2RUEU4DJ6ZibO8AitcowPeBH4L5rCAitE2om5G1P+HMEgYEYEr4EZKbVN4tpA==}
    hasBin: true

  jsonld-streaming-parser@3.4.0:
    resolution: {integrity: sha512-897CloyQgQidfkB04dLM5XaAXVX/cN9A2hvgHJo4y4jRhIpvg3KLMBBfcrswepV2N3T8c/Rp2JeFdWfVsbVZ7g==}

  jsonld@8.3.2:
    resolution: {integrity: sha512-MwBbq95szLwt8eVQ1Bcfwmgju/Y5P2GdtlHE2ncyfuYjIdEhluUVyj1eudacf1mOkWIoS9GpDBTECqhmq7EOaA==}
    engines: {node: '>=14'}

  ky-universal@0.11.0:
    resolution: {integrity: sha512-65KyweaWvk+uKKkCrfAf+xqN2/epw1IJDtlyCPxYffFCMR8u1sp2U65NtWpnozYfZxQ6IUzIlvUcw+hQ82U2Xw==}
    engines: {node: '>=14.16'}
    peerDependencies:
      ky: '>=0.31.4'
      web-streams-polyfill: '>=3.2.1'
    peerDependenciesMeta:
      web-streams-polyfill:
        optional: true

  ky@0.33.3:
    resolution: {integrity: sha512-CasD9OCEQSFIam2U8efFK81Yeg8vNMTBUqtMOHlrcWQHqUX3HeCl9Dr31u4toV7emlH8Mymk5+9p0lL6mKb/Xw==}
    engines: {node: '>=14.16'}

  lodash@4.17.21:
    resolution: {integrity: sha512-v2kDEe57lecTulaDIuNTPy3Ry4gLGJ6Z1O3vE1krgXZNrsQ+LFTGHVxVjcXPs17LhbZVGedAJv8XZ1tvj5FvSg==}

  lru-cache@6.0.0:
    resolution: {integrity: sha512-Jo6dJ04CmSjuznwJSS3pUeWmd/H0ffTlkXXgwZi+eq1UCmqQwCh+eLsYOYCwY991i2Fah4h1BEMCx4qThGbsiA==}
    engines: {node: '>=10'}

  lru-queue@0.1.0:
    resolution: {integrity: sha512-BpdYkt9EvGl8OfWHDQPISVpcl5xZthb+XPsbELj5AQXxIC8IriDZIQYjBJPEm5rS420sjZ0TLEzRcq5KdBhYrQ==}

  memoizee@0.4.17:
    resolution: {integrity: sha512-DGqD7Hjpi/1or4F/aYAspXKNm5Yili0QDAFAY4QYvpqpgiY6+1jOfqpmByzjxbWd/T9mChbCArXAbDAsTm5oXA==}
    engines: {node: '>=0.12'}

  ms@2.1.2:
    resolution: {integrity: sha512-sGkPx+VjMtmA6MX27oA4FBFELFCZZ4S4XqeGOXCv68tT+jb3vk/RyaKWP0PTKyWtmLSM0b+adUTEvbs1PEaH2w==}

  n3@1.17.4:
    resolution: {integrity: sha512-G5RR9PKLJXQU1uDJ2cZq+zp23V5XruqWhAGlCpF2/8kLiPbqEKOXDXgOLuoMqFwdxO/oBE2h4KNGQUp0aQ0OLA==}
    engines: {node: '>=12.0'}

  next-tick@1.1.0:
    resolution: {integrity: sha512-CXdUiJembsNjuToQvxayPZF9Vqht7hewsvy2sOWafLvi2awflj9mOC6bHIg50orX8IJvWKY9wYQ/zB2kogPslQ==}

  node-domexception@1.0.0:
    resolution: {integrity: sha512-/jKZoMpw0F8GRwl4/eLROPA3cfcXtLApP0QzLmUT/HuPCZWyB7IY9ZrMeKw2O/nFIqPQB3PVM9aYm0F312AXDQ==}
    engines: {node: '>=10.5.0'}

  node-fetch@2.7.0:
    resolution: {integrity: sha512-c4FRfUm/dbcWZ7U+1Wq0AwCyFL+3nt2bEw05wfxSz+DWpWsitgmSgYmy2dQdWyKC1694ELPqMs/YzUSNozLt8A==}
    engines: {node: 4.x || >=6.0.0}
    peerDependencies:
      encoding: ^0.1.0
    peerDependenciesMeta:
      encoding:
        optional: true

  node-fetch@3.3.2:
    resolution: {integrity: sha512-dRB78srN/l6gqWulah9SrxeYnxeddIG30+GOqK/9OlLVyLg3HPnr6SqOWTWOXKRwC2eGYCkZ59NNuSgvSrpgOA==}
    engines: {node: ^12.20.0 || ^14.13.1 || >=16.0.0}

  nodeify-fetch@3.1.0:
    resolution: {integrity: sha512-ZV81vM//sEgTgXwVZlOONzcOCdTGQ53mV65FVSNXgPQHa8oCwRLtLbnGxL/1S/Yw90bcXUDKMz00jEnaeazo+A==}

  process@0.11.10:
    resolution: {integrity: sha512-cdGef/drWFoydD1JsMzuFf8100nZl+GT+yacc2bEced5f9Rjk4z+WtFUTBu9PhOi9j/jfmBPu0mMEY4wIdAF8A==}
    engines: {node: '>= 0.6.0'}

  queue-microtask@1.2.3:
    resolution: {integrity: sha512-NuaNSa6flKT5JaSYQzJok04JzTL1CA6aGhv5rfLW3PgqA+M2ChpZQnAC8h8i4ZFkBS8X5RqkDBHA7r4hej3K9A==}

  rdf-canonize@3.4.0:
    resolution: {integrity: sha512-fUeWjrkOO0t1rg7B2fdyDTvngj+9RlUyL92vOdiB7c0FPguWVsniIMjEtHH+meLBO9rzkUlUzBVXgWrjI8P9LA==}
    engines: {node: '>=12'}

  rdf-data-factory@1.1.2:
    resolution: {integrity: sha512-TfQD63Lokabd09ES1jAtKK8AA6rkr9rwyUBGo6olOt1CE0Um36CUQIqytyf0am2ouBPR0l7SaHxCiMcPGHkt1A==}

  rdf-dataset-ext@1.1.0:
    resolution: {integrity: sha512-CH85RfRKN9aSlbju8T7aM8hgCSWMBsh2eh/tGxUUtWMN+waxi6iFDt8/r4PAEmKaEA82guimZJ4ISbmJ2rvWQg==}
    deprecated: rdf-dataset-ext is deprecated. Switching to rdf-ext is recommended.

  rdf-literal@1.3.2:
    resolution: {integrity: sha512-79Stlu3sXy0kq9/decHFLf3xNPuY6sfhFPhd/diWErgaFr0Ekyg38Vh9bnVcqDYu48CFRi0t+hrFii49n92Hbw==}

  rdf-validate-datatype@0.2.1:
    resolution: {integrity: sha512-DpREnmoWDxC80KyslZeBPLQb3ztyeiOolT4uCl58tCju2KHJu4j5vonmVVdEJh2Mpad5UY57v6sSM/hfSTFGKQ==}

  rdf-validate-shacl@0.5.5:
    resolution: {integrity: sha512-oN6LQh7bzdQEkRMPCW332hxkRH9YANJuylcId41mivJar68vjk8Q4yAjAELxwrZsY2FsGWH4r9x5sPGqKMCUPg==}

  rdfxml-streaming-parser@2.4.0:
    resolution: {integrity: sha512-f+tdI1wxOiPzMbFWRtOwinwPsqac0WIN80668yFKcVdFCSTGOWTM70ucQGUSdDZZo7pce/UvZgV0C3LDj0P7tg==}

  readable-stream@4.5.2:
    resolution: {integrity: sha512-yjavECdqeZ3GLXNgRXgeQEdz9fvDDkNKyHnbHRFtOr7/LcfgBcmct7t/ET+HaCTqfh06OzoAxrkN/IfjJBVe+g==}
    engines: {node: ^12.22.0 || ^14.17.0 || >=16.0.0}

  relative-to-absolute-iri@1.0.7:
    resolution: {integrity: sha512-Xjyl4HmIzg2jzK/Un2gELqbcE8Fxy85A/aLSHE6PE/3+OGsFwmKVA1vRyGaz6vLWSqLDMHA+5rjD/xbibSQN1Q==}

  require-from-string@2.0.2:
    resolution: {integrity: sha512-Xf0nWe6RseziFMu+Ap9biiUbmplq6S9/p+7w7YXP/JBHhrUDDUhwa+vANyubuqfZWTveU//DYVGsDG7RKL/vEw==}
    engines: {node: '>=0.10.0'}

  safe-buffer@5.1.2:
    resolution: {integrity: sha512-Gd2UZBJDkXlY7GbJxfsE8/nvKkUEU1G38c1siN6QP6a9PT9MmHB8GnpscSmMJSoF8LOIrt8ud/wPtojys4G6+g==}

  safe-buffer@5.2.1:
    resolution: {integrity: sha512-rp3So07KcdmmKbGvgaNxQSJr7bGVSVk5S9Eq1F+ppbRo70+YeaDxkw5Dd8NPN+GD6bjnYm2VuPuCXmpuYvmCXQ==}

  setimmediate@1.0.5:
    resolution: {integrity: sha512-MATJdZp8sLqDl/68LfQmbP8zKPLQNV6BIZoIgrscFDQ+RsvK/BxeDQOgyxKKoh0y/8h3BqVFnCqQ/gd+reiIXA==}

  stream-chunks@1.0.0:
    resolution: {integrity: sha512-/G+kinLx3pKXChtuko82taA4gZo56zFG2b2BbhmugmS0TUPBL40c5b2vjonS+gAHYK/cSKM9m0WTvAJYgDUeNw==}

  string_decoder@1.3.0:
    resolution: {integrity: sha512-hkRX8U1WjJFd8LsDJ2yQ/wWWxaopEsABU1XfkM8A+j0+85JAGppt16cr1Whg6KIbb4okU6Mql6BOj+uup/wKeA==}

  timers-ext@0.1.8:
    resolution: {integrity: sha512-wFH7+SEAcKfJpfLPkrgMPvvwnEtj8W4IurvEyrKsDleXnKLCDw71w8jltvfLa8Rm4qQxxT4jmDBYbJG/z7qoww==}
    engines: {node: '>=0.12'}

  tr46@0.0.3:
    resolution: {integrity: sha512-N3WMsuqV66lT30CrXNbEjx4GEwlow3v6rr4mCcv6prnfwhS01rkgyFdjPNBYd9br7LpXV1+Emh01fHnq2Gdgrw==}

  type@2.7.3:
    resolution: {integrity: sha512-8j+1QmAbPvLZow5Qpi6NCaN8FB60p/6x8/vfNqOk/hC+HuvFZhL4+WfekuhQLiqFZXOgQdrs3B+XxEmCc6b3FQ==}

  undici-types@5.26.5:
    resolution: {integrity: sha512-JlCMO+ehdEIKqlFxk6IfVoAUVmgz7cU7zD/h9XZ0qzeosSHmUJVOzSQvvYSYWXkFXC+IfLKSIffhv0sVZup6pA==}

  undici@5.28.4:
    resolution: {integrity: sha512-72RFADWFqKmUb2hmmvNODKL3p9hcB6Gt2DOQMis1SEBaV6a4MH8soBvzg+95CYhCKPFedut2JY9bMfrDl9D23g==}
    engines: {node: '>=14.0'}

  validate-iri@1.0.1:
    resolution: {integrity: sha512-gLXi7351CoyVVQw8XE5sgpYawRKatxE7kj/xmCxXOZS1kMdtcqC0ILIqLuVEVnAUQSL/evOGG3eQ+8VgbdnstA==}

  web-streams-polyfill@3.3.3:
    resolution: {integrity: sha512-d2JWLCivmZYTSIoge9MsgFCZrt571BikcWGYkjC1khllbTeDlGqZ2D8vD8E/lJa8WGWbb7Plm8/XJYV7IJHZZw==}
    engines: {node: '>= 8'}

  webidl-conversions@3.0.1:
    resolution: {integrity: sha512-2JAn3z8AR6rjK8Sm8orRC0h/bcl/DqL7tRPdGZ4I1CjdF+EaMLmYxBHyXuKL849eucPFhvBoxMsflfOb8kxaeQ==}

  whatwg-url@5.0.0:
    resolution: {integrity: sha512-saE57nupxk6v3HY35+jzBwYa0rKSy0XR8JSxZPwgLr7ys0IBzhGviA1/TUGJLmSVqs8pb9AnvICXEuOHLprYTw==}

  xmlchars@2.2.0:
    resolution: {integrity: sha512-JZnDKK8B0RCDw84FNdDAIpZK+JuJw+s7Lz8nksI7SIuU3UXJJslUthsi+uWBUYOwPFwW7W7PRLRfUKpxjtjFCw==}

  yallist@4.0.0:
    resolution: {integrity: sha512-3wdGidZyq5PB084XLES5TpOSRA3wjXAlIWMhum2kRcv/41Sn2emQ0dycQW4uZXLejwKvg6EsvbdlVL+FYEct7A==}

snapshots:

  '@bergos/jsonparse@1.4.1':
    dependencies:
      buffer: 6.0.3

  '@digitalbazaar/http-client@3.4.1(web-streams-polyfill@3.3.3)':
    dependencies:
      ky: 0.33.3
      ky-universal: 0.11.0(ky@0.33.3)(web-streams-polyfill@3.3.3)
      undici: 5.28.4
    transitivePeerDependencies:
      - web-streams-polyfill

  '@fastify/busboy@2.1.1': {}

  '@rdfjs/data-model@2.0.2': {}

  '@rdfjs/dataset@2.0.2': {}

  '@rdfjs/environment@1.0.0': {}

  '@rdfjs/fetch-lite@3.2.3':
    dependencies:
      is-stream: 4.0.1
      nodeify-fetch: 3.1.0
      readable-stream: 4.5.2

  '@rdfjs/formats@4.0.0(web-streams-polyfill@3.3.3)':
    dependencies:
      '@rdfjs/parser-jsonld': 2.1.1
      '@rdfjs/parser-n3': 2.0.2
      '@rdfjs/serializer-jsonld': 2.0.1
      '@rdfjs/serializer-jsonld-ext': 4.0.0(web-streams-polyfill@3.3.3)
      '@rdfjs/serializer-ntriples': 2.0.1
      '@rdfjs/serializer-turtle': 1.1.3
      '@rdfjs/sink-map': 2.0.1
      rdfxml-streaming-parser: 2.4.0
    transitivePeerDependencies:
      - encoding
      - web-streams-polyfill

  '@rdfjs/namespace@2.0.1':
    dependencies:
      '@rdfjs/data-model': 2.0.2

  '@rdfjs/parser-jsonld@2.1.1':
    dependencies:
      '@rdfjs/data-model': 2.0.2
      '@rdfjs/sink': 2.0.1
      duplex-to: 2.0.0
      jsonld-streaming-parser: 3.4.0
      readable-stream: 4.5.2
    transitivePeerDependencies:
      - encoding

  '@rdfjs/parser-n3@2.0.2':
    dependencies:
      '@rdfjs/data-model': 2.0.2
      '@rdfjs/sink': 2.0.1
      duplex-to: 2.0.0
      n3: 1.17.4
      readable-stream: 4.5.2

  '@rdfjs/prefix-map@0.1.2':
    dependencies:
      readable-stream: 4.5.2

  '@rdfjs/serializer-jsonld-ext@4.0.0(web-streams-polyfill@3.3.3)':
    dependencies:
      '@rdfjs/sink': 2.0.1
      jsonld: 8.3.2(web-streams-polyfill@3.3.3)
      readable-stream: 4.5.2
      stream-chunks: 1.0.0
    transitivePeerDependencies:
      - web-streams-polyfill

  '@rdfjs/serializer-jsonld@2.0.1':
    dependencies:
      '@rdfjs/sink': 2.0.1
      readable-stream: 4.5.2

  '@rdfjs/serializer-ntriples@2.0.1':
    dependencies:
      '@rdfjs/sink': 2.0.1
      '@rdfjs/to-ntriples': 3.0.1
      duplex-to: 2.0.0
      readable-stream: 4.5.2

  '@rdfjs/serializer-turtle@1.1.3':
    dependencies:
      '@rdfjs/data-model': 2.0.2
      '@rdfjs/namespace': 2.0.1
      '@rdfjs/prefix-map': 0.1.2
      '@rdfjs/sink': 2.0.1
      '@rdfjs/term-map': 2.0.2
      '@rdfjs/to-ntriples': 3.0.1
      '@rdfjs/tree': 0.2.1
      readable-stream: 4.5.2
      stream-chunks: 1.0.0

  '@rdfjs/sink-map@2.0.1': {}

  '@rdfjs/sink@2.0.1': {}

  '@rdfjs/term-map@2.0.2':
    dependencies:
      '@rdfjs/to-ntriples': 3.0.1

  '@rdfjs/term-set@2.0.3':
    dependencies:
      '@rdfjs/to-ntriples': 3.0.1

  '@rdfjs/to-ntriples@3.0.1': {}

  '@rdfjs/traverser@0.1.4':
    dependencies:
      '@rdfjs/to-ntriples': 3.0.1

  '@rdfjs/tree@0.2.1':
    dependencies:
      '@rdfjs/namespace': 2.0.1
      '@rdfjs/term-map': 2.0.2
      '@rdfjs/term-set': 2.0.3

  '@rdfjs/types@1.1.0':
    dependencies:
      '@types/node': 20.14.10

  '@rubensworks/saxes@6.0.1':
    dependencies:
      xmlchars: 2.2.0

  '@sec-ant/readable-stream@0.4.1': {}

  '@tpluscode/rdf-ns-builders@4.3.0':
    dependencies:
      '@rdfjs/data-model': 2.0.2
      '@rdfjs/namespace': 2.0.1
      '@rdfjs/types': 1.1.0
      '@types/rdfjs__namespace': 2.0.10
      '@zazuko/prefixes': 2.2.0

  '@types/clownface@2.0.8':
    dependencies:
      '@rdfjs/types': 1.1.0
      '@types/rdfjs__environment': 1.0.0

  '@types/http-link-header@1.0.7':
    dependencies:
      '@types/node': 20.14.10

  '@types/jsonld@1.5.15': {}

  '@types/node@18.19.39':
    dependencies:
      undici-types: 5.26.5

  '@types/node@20.14.10':
    dependencies:
      undici-types: 5.26.5

  '@types/rdf-dataset-ext@1.0.8':
    dependencies:
      '@rdfjs/types': 1.1.0
      '@types/readable-stream': 4.0.15

  '@types/rdfjs__data-model@2.0.8':
    dependencies:
      '@rdfjs/types': 1.1.0

  '@types/rdfjs__dataset@2.0.7':
    dependencies:
      '@rdfjs/types': 1.1.0

  '@types/rdfjs__environment@1.0.0':
    dependencies:
      '@rdfjs/types': 1.1.0
      '@types/node': 20.14.10

  '@types/rdfjs__fetch-lite@3.0.10':
    dependencies:
      '@rdfjs/types': 1.1.0
      '@types/node': 20.14.10
      '@types/rdfjs__formats': 4.0.1

  '@types/rdfjs__formats@4.0.1':
    dependencies:
      '@rdfjs/types': 1.1.0
      '@types/node': 20.14.10
      '@types/rdfjs__parser-jsonld': 2.1.7
      '@types/rdfjs__parser-n3': 2.0.6
      '@types/rdfjs__serializer-jsonld': 2.0.5
      '@types/rdfjs__serializer-jsonld-ext': 4.0.1
      '@types/rdfjs__serializer-ntriples': 2.0.6
      '@types/rdfjs__serializer-turtle': 1.1.0
      '@types/rdfjs__sink-map': 2.0.5
      rdfxml-streaming-parser: 2.4.0

  '@types/rdfjs__namespace@2.0.10':
    dependencies:
      '@rdfjs/types': 1.1.0

  '@types/rdfjs__parser-jsonld@2.1.7':
    dependencies:
      '@rdfjs/types': 1.1.0
      '@types/jsonld': 1.5.15

  '@types/rdfjs__parser-n3@2.0.6':
    dependencies:
      '@rdfjs/types': 1.1.0

  '@types/rdfjs__prefix-map@0.1.5':
    dependencies:
      '@rdfjs/types': 1.1.0

  '@types/rdfjs__serializer-jsonld-ext@4.0.1':
    dependencies:
      '@rdfjs/types': 1.1.0
      '@types/jsonld': 1.5.15
      '@types/node': 20.14.10

  '@types/rdfjs__serializer-jsonld@2.0.5':
    dependencies:
      '@rdfjs/types': 1.1.0

  '@types/rdfjs__serializer-ntriples@2.0.6':
    dependencies:
      '@rdfjs/types': 1.1.0

  '@types/rdfjs__serializer-turtle@1.1.0':
    dependencies:
      '@rdfjs/types': 1.1.0
      '@types/node': 20.14.10
      '@types/rdfjs__prefix-map': 0.1.5

  '@types/rdfjs__sink-map@2.0.5':
    dependencies:
      '@rdfjs/types': 1.1.0

  '@types/rdfjs__term-map@2.0.10':
    dependencies:
      '@rdfjs/types': 1.1.0

  '@types/rdfjs__term-set@2.0.9':
    dependencies:
      '@rdfjs/types': 1.1.0

  '@types/rdfjs__traverser@0.1.5':
    dependencies:
      '@rdfjs/types': 1.1.0

  '@types/readable-stream@2.3.15':
    dependencies:
      '@types/node': 20.14.10
      safe-buffer: 5.1.2

  '@types/readable-stream@4.0.15':
    dependencies:
      '@types/node': 20.14.10
      safe-buffer: 5.1.2

  '@vocabulary/sh@1.1.5(@rdfjs/types@1.1.0)':
    dependencies:
      '@rdfjs/types': 1.1.0

  '@zazuko/env-core@1.1.2(@types/rdfjs__environment@1.0.0)':
    dependencies:
      '@rdfjs/environment': 1.0.0
      '@types/rdfjs__environment': 1.0.0

  '@zazuko/env-node@2.1.3(@rdfjs/types@1.1.0)(@types/clownface@2.0.8)(@types/rdf-dataset-ext@1.0.8)(@types/rdfjs__data-model@2.0.8)(@types/rdfjs__dataset@2.0.7)(@types/rdfjs__environment@1.0.0)(@types/rdfjs__fetch-lite@3.0.10)(@types/rdfjs__formats@4.0.1)(@types/rdfjs__namespace@2.0.10)(@types/rdfjs__term-map@2.0.10)(@types/rdfjs__term-set@2.0.9)(@types/rdfjs__traverser@0.1.5)(web-streams-polyfill@3.3.3)':
    dependencies:
      '@rdfjs/fetch-lite': 3.2.3
      '@rdfjs/formats': 4.0.0(web-streams-polyfill@3.3.3)
      '@types/rdfjs__fetch-lite': 3.0.10
      '@zazuko/env': 2.2.1(@rdfjs/types@1.1.0)(@types/clownface@2.0.8)(@types/rdf-dataset-ext@1.0.8)(@types/rdfjs__data-model@2.0.8)(@types/rdfjs__dataset@2.0.7)(@types/rdfjs__environment@1.0.0)(@types/rdfjs__formats@4.0.1)(@types/rdfjs__namespace@2.0.10)(@types/rdfjs__term-map@2.0.10)(@types/rdfjs__term-set@2.0.9)(@types/rdfjs__traverser@0.1.5)(web-streams-polyfill@3.3.3)
      '@zazuko/rdf-utils-fs': 3.3.1(@rdfjs/types@1.1.0)(@types/rdfjs__environment@1.0.0)(@types/rdfjs__formats@4.0.1)
    transitivePeerDependencies:
      - '@rdfjs/types'
      - '@types/clownface'
      - '@types/rdf-dataset-ext'
      - '@types/rdfjs__data-model'
      - '@types/rdfjs__dataset'
      - '@types/rdfjs__environment'
      - '@types/rdfjs__formats'
      - '@types/rdfjs__namespace'
      - '@types/rdfjs__term-map'
      - '@types/rdfjs__term-set'
      - '@types/rdfjs__traverser'
      - encoding
      - web-streams-polyfill

  '@zazuko/env@2.2.1(@rdfjs/types@1.1.0)(@types/clownface@2.0.8)(@types/rdf-dataset-ext@1.0.8)(@types/rdfjs__data-model@2.0.8)(@types/rdfjs__dataset@2.0.7)(@types/rdfjs__environment@1.0.0)(@types/rdfjs__formats@4.0.1)(@types/rdfjs__namespace@2.0.10)(@types/rdfjs__term-map@2.0.10)(@types/rdfjs__term-set@2.0.9)(@types/rdfjs__traverser@0.1.5)(web-streams-polyfill@3.3.3)':
    dependencies:
      '@rdfjs/data-model': 2.0.2
      '@rdfjs/dataset': 2.0.2
      '@rdfjs/formats': 4.0.0(web-streams-polyfill@3.3.3)
      '@rdfjs/namespace': 2.0.1
      '@rdfjs/term-map': 2.0.2
      '@rdfjs/term-set': 2.0.3
      '@rdfjs/traverser': 0.1.4
      '@rdfjs/types': 1.1.0
      '@tpluscode/rdf-ns-builders': 4.3.0
      '@types/clownface': 2.0.8
      '@types/rdf-dataset-ext': 1.0.8
      '@types/rdfjs__data-model': 2.0.8
      '@types/rdfjs__dataset': 2.0.7
      '@types/rdfjs__environment': 1.0.0
      '@types/rdfjs__formats': 4.0.1
      '@types/rdfjs__namespace': 2.0.10
      '@types/rdfjs__term-map': 2.0.10
      '@types/rdfjs__term-set': 2.0.9
      '@types/rdfjs__traverser': 0.1.5
      '@zazuko/env-core': 1.1.2(@types/rdfjs__environment@1.0.0)
      '@zazuko/prefixes': 2.2.0
      clownface: 2.0.2
      get-stream: 9.0.1
      rdf-dataset-ext: 1.1.0
    transitivePeerDependencies:
      - encoding
      - web-streams-polyfill

  '@zazuko/prefixes@2.2.0': {}

  '@zazuko/rdf-utils-fs@3.3.1(@rdfjs/types@1.1.0)(@types/rdfjs__environment@1.0.0)(@types/rdfjs__formats@4.0.1)':
    dependencies:
      '@rdfjs/types': 1.1.0
      '@types/rdfjs__environment': 1.0.0
      '@types/rdfjs__formats': 4.0.1
      readable-stream: 4.5.2

  abort-controller@3.0.0:
    dependencies:
      event-target-shim: 5.0.1

  ajv@8.17.1:
    dependencies:
      fast-deep-equal: 3.1.3
      fast-uri: 3.0.1
      json-schema-traverse: 1.0.0
      require-from-string: 2.0.2

  base64-js@1.5.1: {}

  buffer@6.0.3:
    dependencies:
      base64-js: 1.5.1
      ieee754: 1.2.1

  canonicalize@1.0.8: {}

  cli-color@2.0.4:
    dependencies:
      d: 1.0.2
      es5-ext: 0.10.64
      es6-iterator: 2.0.3
      memoizee: 0.4.17
      timers-ext: 0.1.8

  clownface@2.0.2:
    dependencies:
      '@rdfjs/data-model': 2.0.2
      '@rdfjs/environment': 1.0.0
      '@rdfjs/namespace': 2.0.1

  cross-fetch@3.1.8:
    dependencies:
      node-fetch: 2.7.0
    transitivePeerDependencies:
      - encoding

  d@1.0.2:
    dependencies:
      es5-ext: 0.10.64
      type: 2.7.3

  data-uri-to-buffer@4.0.1: {}

  debug@4.3.5:
    dependencies:
      ms: 2.1.2

  duplex-to@2.0.0: {}

  es5-ext@0.10.64:
    dependencies:
      es6-iterator: 2.0.3
      es6-symbol: 3.1.4
      esniff: 2.0.1
      next-tick: 1.1.0

  es6-iterator@2.0.3:
    dependencies:
      d: 1.0.2
      es5-ext: 0.10.64
      es6-symbol: 3.1.4

  es6-symbol@3.1.4:
    dependencies:
      d: 1.0.2
      ext: 1.7.0

  es6-weak-map@2.0.3:
    dependencies:
      d: 1.0.2
      es5-ext: 0.10.64
      es6-iterator: 2.0.3
      es6-symbol: 3.1.4

  esniff@2.0.1:
    dependencies:
      d: 1.0.2
      es5-ext: 0.10.64
      event-emitter: 0.3.5
      type: 2.7.3

  event-emitter@0.3.5:
    dependencies:
      d: 1.0.2
      es5-ext: 0.10.64

  event-target-shim@5.0.1: {}

  events@3.3.0: {}

  ext@1.7.0:
    dependencies:
      type: 2.7.3

  fast-deep-equal@3.1.3: {}

  fast-uri@3.0.1: {}

  fetch-blob@3.2.0:
    dependencies:
      node-domexception: 1.0.0
      web-streams-polyfill: 3.3.3

  formdata-polyfill@4.0.10:
    dependencies:
      fetch-blob: 3.2.0

  get-stream@9.0.1:
    dependencies:
      '@sec-ant/readable-stream': 0.4.1
      is-stream: 4.0.1

  globals@15.9.0: {}

  http-link-header@1.1.3: {}

  ieee754@1.2.1: {}

  is-promise@2.2.2: {}

  is-stream@4.0.1: {}

  json-schema-traverse@1.0.0: {}

  jsonld-context-parser@2.4.0:
    dependencies:
      '@types/http-link-header': 1.0.7
      '@types/node': 18.19.39
      cross-fetch: 3.1.8
      http-link-header: 1.1.3
      relative-to-absolute-iri: 1.0.7
    transitivePeerDependencies:
      - encoding

  jsonld-streaming-parser@3.4.0:
    dependencies:
      '@bergos/jsonparse': 1.4.1
      '@rdfjs/types': 1.1.0
      '@types/http-link-header': 1.0.7
      '@types/readable-stream': 2.3.15
      buffer: 6.0.3
      canonicalize: 1.0.8
      http-link-header: 1.1.3
      jsonld-context-parser: 2.4.0
      rdf-data-factory: 1.1.2
      readable-stream: 4.5.2
    transitivePeerDependencies:
      - encoding

  jsonld@8.3.2(web-streams-polyfill@3.3.3):
    dependencies:
      '@digitalbazaar/http-client': 3.4.1(web-streams-polyfill@3.3.3)
      canonicalize: 1.0.8
      lru-cache: 6.0.0
      rdf-canonize: 3.4.0
    transitivePeerDependencies:
      - web-streams-polyfill

  ky-universal@0.11.0(ky@0.33.3)(web-streams-polyfill@3.3.3):
    dependencies:
      abort-controller: 3.0.0
      ky: 0.33.3
      node-fetch: 3.3.2
    optionalDependencies:
      web-streams-polyfill: 3.3.3

  ky@0.33.3: {}

  lodash@4.17.21: {}

  lru-cache@6.0.0:
    dependencies:
      yallist: 4.0.0

  lru-queue@0.1.0:
    dependencies:
      es5-ext: 0.10.64

  memoizee@0.4.17:
    dependencies:
      d: 1.0.2
      es5-ext: 0.10.64
      es6-weak-map: 2.0.3
      event-emitter: 0.3.5
      is-promise: 2.2.2
      lru-queue: 0.1.0
      next-tick: 1.1.0
      timers-ext: 0.1.8

  ms@2.1.2: {}

  n3@1.17.4:
    dependencies:
      buffer: 6.0.3
      queue-microtask: 1.2.3
      readable-stream: 4.5.2

  next-tick@1.1.0: {}

  node-domexception@1.0.0: {}

  node-fetch@2.7.0:
    dependencies:
      whatwg-url: 5.0.0

  node-fetch@3.3.2:
    dependencies:
      data-uri-to-buffer: 4.0.1
      fetch-blob: 3.2.0
      formdata-polyfill: 4.0.10

  nodeify-fetch@3.1.0:
    dependencies:
      lodash: 4.17.21
      node-fetch: 3.3.2
      readable-stream: 4.5.2
      stream-chunks: 1.0.0

  process@0.11.10: {}

  queue-microtask@1.2.3: {}

  rdf-canonize@3.4.0:
    dependencies:
      setimmediate: 1.0.5

  rdf-data-factory@1.1.2:
    dependencies:
      '@rdfjs/types': 1.1.0

  rdf-dataset-ext@1.1.0:
    dependencies:
      rdf-canonize: 3.4.0
      readable-stream: 4.5.2

  rdf-literal@1.3.2:
    dependencies:
      '@rdfjs/types': 1.1.0
      rdf-data-factory: 1.1.2

  rdf-validate-datatype@0.2.1:
    dependencies:
      '@rdfjs/term-map': 2.0.2
      '@tpluscode/rdf-ns-builders': 4.3.0

  rdf-validate-shacl@0.5.5(@rdfjs/types@1.1.0):
    dependencies:
      '@rdfjs/data-model': 2.0.2
      '@rdfjs/dataset': 2.0.2
      '@rdfjs/environment': 1.0.0
      '@rdfjs/namespace': 2.0.1
      '@rdfjs/term-set': 2.0.3
      '@vocabulary/sh': 1.1.5(@rdfjs/types@1.1.0)
      clownface: 2.0.2
      debug: 4.3.5
      rdf-literal: 1.3.2
      rdf-validate-datatype: 0.2.1
    transitivePeerDependencies:
      - '@rdfjs/types'
      - supports-color

  rdfxml-streaming-parser@2.4.0:
    dependencies:
      '@rdfjs/types': 1.1.0
      '@rubensworks/saxes': 6.0.1
      '@types/readable-stream': 2.3.15
      buffer: 6.0.3
      rdf-data-factory: 1.1.2
      readable-stream: 4.5.2
      relative-to-absolute-iri: 1.0.7
      validate-iri: 1.0.1

  readable-stream@4.5.2:
    dependencies:
      abort-controller: 3.0.0
      buffer: 6.0.3
      events: 3.3.0
      process: 0.11.10
      string_decoder: 1.3.0

  relative-to-absolute-iri@1.0.7: {}

  require-from-string@2.0.2: {}

  safe-buffer@5.1.2: {}

  safe-buffer@5.2.1: {}

  setimmediate@1.0.5: {}

  stream-chunks@1.0.0:
    dependencies:
      buffer: 6.0.3
      string_decoder: 1.3.0

  string_decoder@1.3.0:
    dependencies:
      safe-buffer: 5.2.1

  timers-ext@0.1.8:
    dependencies:
      es5-ext: 0.10.64
      next-tick: 1.1.0

  tr46@0.0.3: {}

  type@2.7.3: {}

  undici-types@5.26.5: {}

  undici@5.28.4:
    dependencies:
      '@fastify/busboy': 2.1.1

  validate-iri@1.0.1: {}

  web-streams-polyfill@3.3.3: {}

  webidl-conversions@3.0.1: {}

  whatwg-url@5.0.0:
    dependencies:
      tr46: 0.0.3
      webidl-conversions: 3.0.1

  xmlchars@2.2.0: {}

  yallist@4.0.0: {}
